
Microsoft Visual Studio Solution File, Format Version 12.00
# Visual Studio Version 17
VisualStudioVersion = 17.14.36401.2 d17.14
MinimumVisualStudioVersion = 10.0.40219.1
Project("{FAE04EC0-301F-11D3-BF4B-00C04F79EFBC}") = "DAL", "DAL\DAL.csproj", "{94A9829D-2772-43B4-95E4-189C4EDF546E}"
EndProject
Global
	GlobalSection(SolutionConfigurationPlatforms) = preSolution
		Debug|Any CPU = Debug|Any CPU
		Release|Any CPU = Release|Any CPU
	EndGlobalSection
	GlobalSection(ProjectConfigurationPlatforms) = postSolution
		{94A9829D-2772-43B4-95E4-189C4EDF546E}.Debug|Any CPU.ActiveCfg = Debug|Any CPU
		{94A9829D-2772-43B4-95E4-189C4EDF546E}.Debug|Any CPU.Build.0 = Debug|Any CPU
		{94A9829D-2772-43B4-95E4-189C4EDF546E}.Release|Any CPU.ActiveCfg = Release|Any CPU
		{94A9829D-2772-43B4-95E4-189C4EDF546E}.Release|Any CPU.Build.0 = Release|Any CPU
	EndGlobalSection
	GlobalSection(SolutionProperties) = preSolution
		HideSolutionNode = FALSE
	EndGlobalSection
	GlobalSection(ExtensibilityGlobals) = postSolution
		SolutionGuid = {0AA07572-DD85-4C37-99BB-CDC19B6C1629}
	EndGlobalSection
EndGlobal
